
Microsoft Visual Studio Solution File, Format Version 12.00
# Visual Studio 14
VisualStudioVersion = 14.0.23107.0
MinimumVisualStudioVersion = 10.0.40219.1
Project("{FAE04EC0-301F-11D3-BF4B-00C04F79EFBC}") = "NewsAggregator", "NewsAggregator\NewsAggregator.csproj", "{D42FA5EB-67D7-4AC9-A9AD-9537BC33B58D}"
EndProject
Project("{FAE04EC0-301F-11D3-BF4B-00C04F79EFBC}") = "NewsAggregator.Data", "NewsAggregator.Data\NewsAggregator.Data.csproj", "{18207934-72FF-4E0D-955F-5FB2E7B0D6EE}"
EndProject
Project("{FAE04EC0-301F-11D3-BF4B-00C04F79EFBC}") = "NewsAggregator.Models", "NewsAggregator.Models\NewsAggregator.Models.csproj", "{A20C4A72-1EFD-43DB-9428-5017CFE2BE8D}"
EndProject
Project("{00D1A9C2-B5F0-4AF3-8072-F6C62B433612}") = "Database1", "..\..\..\..\..\..\Projects\Database1\Database1.sqlproj", "{5DEBB892-B8D0-4328-9431-FE6158048D11}"
EndProject
Project("{00D1A9C2-B5F0-4AF3-8072-F6C62B433612}") = "Database2", "Database2\Database2.sqlproj", "{878215FC-EC92-46D9-BFE2-E31647DC654E}"
EndProject
Global
	GlobalSection(SolutionConfigurationPlatforms) = preSolution
		Debug|Any CPU = Debug|Any CPU
		Release|Any CPU = Release|Any CPU
	EndGlobalSection
	GlobalSection(ProjectConfigurationPlatforms) = postSolution
		{D42FA5EB-67D7-4AC9-A9AD-9537BC33B58D}.Debug|Any CPU.ActiveCfg = Debug|Any CPU
		{D42FA5EB-67D7-4AC9-A9AD-9537BC33B58D}.Debug|Any CPU.Build.0 = Debug|Any CPU
		{D42FA5EB-67D7-4AC9-A9AD-9537BC33B58D}.Release|Any CPU.ActiveCfg = Release|Any CPU
		{D42FA5EB-67D7-4AC9-A9AD-9537BC33B58D}.Release|Any CPU.Build.0 = Release|Any CPU
		{18207934-72FF-4E0D-955F-5FB2E7B0D6EE}.Debug|Any CPU.ActiveCfg = Debug|Any CPU
		{18207934-72FF-4E0D-955F-5FB2E7B0D6EE}.Debug|Any CPU.Build.0 = Debug|Any CPU
		{18207934-72FF-4E0D-955F-5FB2E7B0D6EE}.Release|Any CPU.ActiveCfg = Release|Any CPU
		{18207934-72FF-4E0D-955F-5FB2E7B0D6EE}.Release|Any CPU.Build.0 = Release|Any CPU
		{A20C4A72-1EFD-43DB-9428-5017CFE2BE8D}.Debug|Any CPU.ActiveCfg = Debug|Any CPU
		{A20C4A72-1EFD-43DB-9428-5017CFE2BE8D}.Debug|Any CPU.Build.0 = Debug|Any CPU
		{A20C4A72-1EFD-43DB-9428-5017CFE2BE8D}.Release|Any CPU.ActiveCfg = Release|Any CPU
		{A20C4A72-1EFD-43DB-9428-5017CFE2BE8D}.Release|Any CPU.Build.0 = Release|Any CPU
		{5DEBB892-B8D0-4328-9431-FE6158048D11}.Debug|Any CPU.ActiveCfg = Debug|Any CPU
		{5DEBB892-B8D0-4328-9431-FE6158048D11}.Debug|Any CPU.Build.0 = Debug|Any CPU
		{5DEBB892-B8D0-4328-9431-FE6158048D11}.Debug|Any CPU.Deploy.0 = Debug|Any CPU
		{5DEBB892-B8D0-4328-9431-FE6158048D11}.Release|Any CPU.ActiveCfg = Release|Any CPU
		{5DEBB892-B8D0-4328-9431-FE6158048D11}.Release|Any CPU.Build.0 = Release|Any CPU
		{5DEBB892-B8D0-4328-9431-FE6158048D11}.Release|Any CPU.Deploy.0 = Release|Any CPU
		{878215FC-EC92-46D9-BFE2-E31647DC654E}.Debug|Any CPU.ActiveCfg = Debug|Any CPU
		{878215FC-EC92-46D9-BFE2-E31647DC654E}.Debug|Any CPU.Build.0 = Debug|Any CPU
		{878215FC-EC92-46D9-BFE2-E31647DC654E}.Debug|Any CPU.Deploy.0 = Debug|Any CPU
		{878215FC-EC92-46D9-BFE2-E31647DC654E}.Release|Any CPU.ActiveCfg = Release|Any CPU
		{878215FC-EC92-46D9-BFE2-E31647DC654E}.Release|Any CPU.Build.0 = Release|Any CPU
		{878215FC-EC92-46D9-BFE2-E31647DC654E}.Release|Any CPU.Deploy.0 = Release|Any CPU
	EndGlobalSection
	GlobalSection(SolutionProperties) = preSolution
		HideSolutionNode = FALSE
	EndGlobalSection
EndGlobal
